
Microsoft Visual Studio Solution File, Format Version 12.00
# Visual Studio Version 16
VisualStudioVersion = 16.0.30114.105
MinimumVisualStudioVersion = 10.0.40219.1
Project("{2150E333-8FDC-42A3-9474-1A3956D46DE8}") = "Services", "Services", "{F13ADE2F-CB8A-4B8D-BFF5-EC3FE5AC8E5C}"
EndProject
Project("{2150E333-8FDC-42A3-9474-1A3956D46DE8}") = "Catalog", "Catalog", "{B5FE84E2-B9E5-42B2-A198-AF47B32FCDE7}"
EndProject
Project("{FAE04EC0-301F-11D3-BF4B-00C04F79EFBC}") = "Catalog.API", "Services\Catalog\Catalog.API\Catalog.API.csproj", "{9EE46728-2307-4AF7-8FCD-C90B0BC9152E}"
EndProject
Global
	GlobalSection(SolutionConfigurationPlatforms) = preSolution
		Debug|Any CPU = Debug|Any CPU
		Debug|x64 = Debug|x64
		Debug|x86 = Debug|x86
		Release|Any CPU = Release|Any CPU
		Release|x64 = Release|x64
		Release|x86 = Release|x86
	EndGlobalSection
	GlobalSection(SolutionProperties) = preSolution
		HideSolutionNode = FALSE
	EndGlobalSection
	GlobalSection(ProjectConfigurationPlatforms) = postSolution
		{9EE46728-2307-4AF7-8FCD-C90B0BC9152E}.Debug|Any CPU.ActiveCfg = Debug|Any CPU
		{9EE46728-2307-4AF7-8FCD-C90B0BC9152E}.Debug|Any CPU.Build.0 = Debug|Any CPU
		{9EE46728-2307-4AF7-8FCD-C90B0BC9152E}.Debug|x64.ActiveCfg = Debug|Any CPU
		{9EE46728-2307-4AF7-8FCD-C90B0BC9152E}.Debug|x64.Build.0 = Debug|Any CPU
		{9EE46728-2307-4AF7-8FCD-C90B0BC9152E}.Debug|x86.ActiveCfg = Debug|Any CPU
		{9EE46728-2307-4AF7-8FCD-C90B0BC9152E}.Debug|x86.Build.0 = Debug|Any CPU
		{9EE46728-2307-4AF7-8FCD-C90B0BC9152E}.Release|Any CPU.ActiveCfg = Release|Any CPU
		{9EE46728-2307-4AF7-8FCD-C90B0BC9152E}.Release|Any CPU.Build.0 = Release|Any CPU
		{9EE46728-2307-4AF7-8FCD-C90B0BC9152E}.Release|x64.ActiveCfg = Release|Any CPU
		{9EE46728-2307-4AF7-8FCD-C90B0BC9152E}.Release|x64.Build.0 = Release|Any CPU
		{9EE46728-2307-4AF7-8FCD-C90B0BC9152E}.Release|x86.ActiveCfg = Release|Any CPU
		{9EE46728-2307-4AF7-8FCD-C90B0BC9152E}.Release|x86.Build.0 = Release|Any CPU
	EndGlobalSection
	GlobalSection(NestedProjects) = preSolution
		{B5FE84E2-B9E5-42B2-A198-AF47B32FCDE7} = {F13ADE2F-CB8A-4B8D-BFF5-EC3FE5AC8E5C}
		{9EE46728-2307-4AF7-8FCD-C90B0BC9152E} = {B5FE84E2-B9E5-42B2-A198-AF47B32FCDE7}
	EndGlobalSection
EndGlobal
