
Microsoft Visual Studio Solution File, Format Version 12.00
# Visual Studio Version 16
VisualStudioVersion = 16.0.30114.105
MinimumVisualStudioVersion = 10.0.40219.1
Project("{2150E333-8FDC-42A3-9474-1A3956D46DE8}") = "Services", "Services", "{8FBA4580-30BC-4709-B7CB-E879D321B0C5}"
EndProject
Project("{2150E333-8FDC-42A3-9474-1A3956D46DE8}") = "Catalog", "Catalog", "{B0FD243D-C115-4C01-9294-3CE06BD3860F}"
EndProject
Project("{FAE04EC0-301F-11D3-BF4B-00C04F79EFBC}") = "Catalog.API", "Services\Catalog\Catalog.API\Catalog.API.csproj", "{56D88F61-EF29-4A58-BDF2-7474972F7AC9}"
EndProject
Global
	GlobalSection(SolutionConfigurationPlatforms) = preSolution
		Debug|Any CPU = Debug|Any CPU
		Debug|x64 = Debug|x64
		Debug|x86 = Debug|x86
		Release|Any CPU = Release|Any CPU
		Release|x64 = Release|x64
		Release|x86 = Release|x86
	EndGlobalSection
	GlobalSection(SolutionProperties) = preSolution
		HideSolutionNode = FALSE
	EndGlobalSection
	GlobalSection(ProjectConfigurationPlatforms) = postSolution
		{56D88F61-EF29-4A58-BDF2-7474972F7AC9}.Debug|Any CPU.ActiveCfg = Debug|Any CPU
		{56D88F61-EF29-4A58-BDF2-7474972F7AC9}.Debug|Any CPU.Build.0 = Debug|Any CPU
		{56D88F61-EF29-4A58-BDF2-7474972F7AC9}.Debug|x64.ActiveCfg = Debug|Any CPU
		{56D88F61-EF29-4A58-BDF2-7474972F7AC9}.Debug|x64.Build.0 = Debug|Any CPU
		{56D88F61-EF29-4A58-BDF2-7474972F7AC9}.Debug|x86.ActiveCfg = Debug|Any CPU
		{56D88F61-EF29-4A58-BDF2-7474972F7AC9}.Debug|x86.Build.0 = Debug|Any CPU
		{56D88F61-EF29-4A58-BDF2-7474972F7AC9}.Release|Any CPU.ActiveCfg = Release|Any CPU
		{56D88F61-EF29-4A58-BDF2-7474972F7AC9}.Release|Any CPU.Build.0 = Release|Any CPU
		{56D88F61-EF29-4A58-BDF2-7474972F7AC9}.Release|x64.ActiveCfg = Release|Any CPU
		{56D88F61-EF29-4A58-BDF2-7474972F7AC9}.Release|x64.Build.0 = Release|Any CPU
		{56D88F61-EF29-4A58-BDF2-7474972F7AC9}.Release|x86.ActiveCfg = Release|Any CPU
		{56D88F61-EF29-4A58-BDF2-7474972F7AC9}.Release|x86.Build.0 = Release|Any CPU
	EndGlobalSection
	GlobalSection(NestedProjects) = preSolution
		{B0FD243D-C115-4C01-9294-3CE06BD3860F} = {8FBA4580-30BC-4709-B7CB-E879D321B0C5}
		{56D88F61-EF29-4A58-BDF2-7474972F7AC9} = {B0FD243D-C115-4C01-9294-3CE06BD3860F}
	EndGlobalSection
EndGlobal
