
Microsoft Visual Studio Solution File, Format Version 12.00
# Visual Studio Version 16
VisualStudioVersion = 16.0.30114.105
MinimumVisualStudioVersion = 10.0.40219.1
Project("{2150E333-8FDC-42A3-9474-1A3956D46DE8}") = "Services", "Services", "{8FBA4580-30BC-4709-B7CB-E879D321B0C5}"
EndProject
Project("{2150E333-8FDC-42A3-9474-1A3956D46DE8}") = "Catalog", "Catalog", "{B0FD243D-C115-4C01-9294-3CE06BD3860F}"
EndProject
Project("{FAE04EC0-301F-11D3-BF4B-00C04F79EFBC}") = "Catalog.API", "Services\Catalog\Catalog.API\Catalog.API.csproj", "{56D88F61-EF29-4A58-BDF2-7474972F7AC9}"
EndProject
Project("{2150E333-8FDC-42A3-9474-1A3956D46DE8}") = "Basket", "Basket", "{4B06A96A-9082-4673-86D1-735CAF8F05FD}"
EndProject
Project("{FAE04EC0-301F-11D3-BF4B-00C04F79EFBC}") = "Basket.API", "Services\Basket\Basket.API\Basket.API.csproj", "{53436B4E-271E-46A9-BEE5-A5B5DFB102F8}"
EndProject
Project("{2150E333-8FDC-42A3-9474-1A3956D46DE8}") = "Discount", "Discount", "{167BC0D7-63B8-4489-9A91-3FBD20D48FEB}"
EndProject
Project("{FAE04EC0-301F-11D3-BF4B-00C04F79EFBC}") = "Discount.API", "Services\Discount\Discount.API\Discount.API.csproj", "{A0A9505D-AA19-4AC2-8560-F1F7F8E1DC11}"
EndProject
Project("{FAE04EC0-301F-11D3-BF4B-00C04F79EFBC}") = "Discount.Grpc", "Services\Discount\Discount.Grpc\Discount.Grpc.csproj", "{683D13C0-4EEC-4F5C-9728-54AB5D8E80B6}"
EndProject
Project("{2150E333-8FDC-42A3-9474-1A3956D46DE8}") = "Ordering", "Ordering", "{8AF0D9B9-1E5F-426A-94F2-140EC4CC0A1A}"
EndProject
Project("{FAE04EC0-301F-11D3-BF4B-00C04F79EFBC}") = "Ordering.API", "Services\Ordering\Ordering.API\Ordering.API.csproj", "{161AFEC4-3FD1-4E3D-BD19-58C6B65CC7A5}"
EndProject
Project("{FAE04EC0-301F-11D3-BF4B-00C04F79EFBC}") = "Ordering.Domain", "Services\Ordering\Ordering.Domain\Ordering.Domain.csproj", "{43F39F2C-35C1-4040-B258-80017220961C}"
EndProject
Project("{FAE04EC0-301F-11D3-BF4B-00C04F79EFBC}") = "Ordering.Application", "Services\Ordering\Ordering.Application\Ordering.Application.csproj", "{D7D8474B-AE62-486B-B2E9-CA3AD5CEC0E7}"
EndProject
Project("{FAE04EC0-301F-11D3-BF4B-00C04F79EFBC}") = "Ordering.Infrastructure", "Services\Ordering\Ordering.Infrastructure\Ordering.Infrastructure.csproj", "{3E1BB7F2-DE10-4B64-BDE4-452404639385}"
EndProject
Global
	GlobalSection(SolutionConfigurationPlatforms) = preSolution
		Debug|Any CPU = Debug|Any CPU
		Debug|x64 = Debug|x64
		Debug|x86 = Debug|x86
		Release|Any CPU = Release|Any CPU
		Release|x64 = Release|x64
		Release|x86 = Release|x86
	EndGlobalSection
	GlobalSection(SolutionProperties) = preSolution
		HideSolutionNode = FALSE
	EndGlobalSection
	GlobalSection(ProjectConfigurationPlatforms) = postSolution
		{56D88F61-EF29-4A58-BDF2-7474972F7AC9}.Debug|Any CPU.ActiveCfg = Debug|Any CPU
		{56D88F61-EF29-4A58-BDF2-7474972F7AC9}.Debug|Any CPU.Build.0 = Debug|Any CPU
		{56D88F61-EF29-4A58-BDF2-7474972F7AC9}.Debug|x64.ActiveCfg = Debug|Any CPU
		{56D88F61-EF29-4A58-BDF2-7474972F7AC9}.Debug|x64.Build.0 = Debug|Any CPU
		{56D88F61-EF29-4A58-BDF2-7474972F7AC9}.Debug|x86.ActiveCfg = Debug|Any CPU
		{56D88F61-EF29-4A58-BDF2-7474972F7AC9}.Debug|x86.Build.0 = Debug|Any CPU
		{56D88F61-EF29-4A58-BDF2-7474972F7AC9}.Release|Any CPU.ActiveCfg = Release|Any CPU
		{56D88F61-EF29-4A58-BDF2-7474972F7AC9}.Release|Any CPU.Build.0 = Release|Any CPU
		{56D88F61-EF29-4A58-BDF2-7474972F7AC9}.Release|x64.ActiveCfg = Release|Any CPU
		{56D88F61-EF29-4A58-BDF2-7474972F7AC9}.Release|x64.Build.0 = Release|Any CPU
		{56D88F61-EF29-4A58-BDF2-7474972F7AC9}.Release|x86.ActiveCfg = Release|Any CPU
		{56D88F61-EF29-4A58-BDF2-7474972F7AC9}.Release|x86.Build.0 = Release|Any CPU
		{53436B4E-271E-46A9-BEE5-A5B5DFB102F8}.Debug|Any CPU.ActiveCfg = Debug|Any CPU
		{53436B4E-271E-46A9-BEE5-A5B5DFB102F8}.Debug|Any CPU.Build.0 = Debug|Any CPU
		{53436B4E-271E-46A9-BEE5-A5B5DFB102F8}.Debug|x64.ActiveCfg = Debug|Any CPU
		{53436B4E-271E-46A9-BEE5-A5B5DFB102F8}.Debug|x64.Build.0 = Debug|Any CPU
		{53436B4E-271E-46A9-BEE5-A5B5DFB102F8}.Debug|x86.ActiveCfg = Debug|Any CPU
		{53436B4E-271E-46A9-BEE5-A5B5DFB102F8}.Debug|x86.Build.0 = Debug|Any CPU
		{53436B4E-271E-46A9-BEE5-A5B5DFB102F8}.Release|Any CPU.ActiveCfg = Release|Any CPU
		{53436B4E-271E-46A9-BEE5-A5B5DFB102F8}.Release|Any CPU.Build.0 = Release|Any CPU
		{53436B4E-271E-46A9-BEE5-A5B5DFB102F8}.Release|x64.ActiveCfg = Release|Any CPU
		{53436B4E-271E-46A9-BEE5-A5B5DFB102F8}.Release|x64.Build.0 = Release|Any CPU
		{53436B4E-271E-46A9-BEE5-A5B5DFB102F8}.Release|x86.ActiveCfg = Release|Any CPU
		{53436B4E-271E-46A9-BEE5-A5B5DFB102F8}.Release|x86.Build.0 = Release|Any CPU
		{A0A9505D-AA19-4AC2-8560-F1F7F8E1DC11}.Debug|Any CPU.ActiveCfg = Debug|Any CPU
		{A0A9505D-AA19-4AC2-8560-F1F7F8E1DC11}.Debug|Any CPU.Build.0 = Debug|Any CPU
		{A0A9505D-AA19-4AC2-8560-F1F7F8E1DC11}.Debug|x64.ActiveCfg = Debug|Any CPU
		{A0A9505D-AA19-4AC2-8560-F1F7F8E1DC11}.Debug|x64.Build.0 = Debug|Any CPU
		{A0A9505D-AA19-4AC2-8560-F1F7F8E1DC11}.Debug|x86.ActiveCfg = Debug|Any CPU
		{A0A9505D-AA19-4AC2-8560-F1F7F8E1DC11}.Debug|x86.Build.0 = Debug|Any CPU
		{A0A9505D-AA19-4AC2-8560-F1F7F8E1DC11}.Release|Any CPU.ActiveCfg = Release|Any CPU
		{A0A9505D-AA19-4AC2-8560-F1F7F8E1DC11}.Release|Any CPU.Build.0 = Release|Any CPU
		{A0A9505D-AA19-4AC2-8560-F1F7F8E1DC11}.Release|x64.ActiveCfg = Release|Any CPU
		{A0A9505D-AA19-4AC2-8560-F1F7F8E1DC11}.Release|x64.Build.0 = Release|Any CPU
		{A0A9505D-AA19-4AC2-8560-F1F7F8E1DC11}.Release|x86.ActiveCfg = Release|Any CPU
		{A0A9505D-AA19-4AC2-8560-F1F7F8E1DC11}.Release|x86.Build.0 = Release|Any CPU
		{683D13C0-4EEC-4F5C-9728-54AB5D8E80B6}.Debug|Any CPU.ActiveCfg = Debug|Any CPU
		{683D13C0-4EEC-4F5C-9728-54AB5D8E80B6}.Debug|Any CPU.Build.0 = Debug|Any CPU
		{683D13C0-4EEC-4F5C-9728-54AB5D8E80B6}.Debug|x64.ActiveCfg = Debug|Any CPU
		{683D13C0-4EEC-4F5C-9728-54AB5D8E80B6}.Debug|x64.Build.0 = Debug|Any CPU
		{683D13C0-4EEC-4F5C-9728-54AB5D8E80B6}.Debug|x86.ActiveCfg = Debug|Any CPU
		{683D13C0-4EEC-4F5C-9728-54AB5D8E80B6}.Debug|x86.Build.0 = Debug|Any CPU
		{683D13C0-4EEC-4F5C-9728-54AB5D8E80B6}.Release|Any CPU.ActiveCfg = Release|Any CPU
		{683D13C0-4EEC-4F5C-9728-54AB5D8E80B6}.Release|Any CPU.Build.0 = Release|Any CPU
		{683D13C0-4EEC-4F5C-9728-54AB5D8E80B6}.Release|x64.ActiveCfg = Release|Any CPU
		{683D13C0-4EEC-4F5C-9728-54AB5D8E80B6}.Release|x64.Build.0 = Release|Any CPU
		{683D13C0-4EEC-4F5C-9728-54AB5D8E80B6}.Release|x86.ActiveCfg = Release|Any CPU
		{683D13C0-4EEC-4F5C-9728-54AB5D8E80B6}.Release|x86.Build.0 = Release|Any CPU
		{161AFEC4-3FD1-4E3D-BD19-58C6B65CC7A5}.Debug|Any CPU.ActiveCfg = Debug|Any CPU
		{161AFEC4-3FD1-4E3D-BD19-58C6B65CC7A5}.Debug|Any CPU.Build.0 = Debug|Any CPU
		{161AFEC4-3FD1-4E3D-BD19-58C6B65CC7A5}.Debug|x64.ActiveCfg = Debug|Any CPU
		{161AFEC4-3FD1-4E3D-BD19-58C6B65CC7A5}.Debug|x64.Build.0 = Debug|Any CPU
		{161AFEC4-3FD1-4E3D-BD19-58C6B65CC7A5}.Debug|x86.ActiveCfg = Debug|Any CPU
		{161AFEC4-3FD1-4E3D-BD19-58C6B65CC7A5}.Debug|x86.Build.0 = Debug|Any CPU
		{161AFEC4-3FD1-4E3D-BD19-58C6B65CC7A5}.Release|Any CPU.ActiveCfg = Release|Any CPU
		{161AFEC4-3FD1-4E3D-BD19-58C6B65CC7A5}.Release|Any CPU.Build.0 = Release|Any CPU
		{161AFEC4-3FD1-4E3D-BD19-58C6B65CC7A5}.Release|x64.ActiveCfg = Release|Any CPU
		{161AFEC4-3FD1-4E3D-BD19-58C6B65CC7A5}.Release|x64.Build.0 = Release|Any CPU
		{161AFEC4-3FD1-4E3D-BD19-58C6B65CC7A5}.Release|x86.ActiveCfg = Release|Any CPU
		{161AFEC4-3FD1-4E3D-BD19-58C6B65CC7A5}.Release|x86.Build.0 = Release|Any CPU
		{43F39F2C-35C1-4040-B258-80017220961C}.Debug|Any CPU.ActiveCfg = Debug|Any CPU
		{43F39F2C-35C1-4040-B258-80017220961C}.Debug|Any CPU.Build.0 = Debug|Any CPU
		{43F39F2C-35C1-4040-B258-80017220961C}.Debug|x64.ActiveCfg = Debug|Any CPU
		{43F39F2C-35C1-4040-B258-80017220961C}.Debug|x64.Build.0 = Debug|Any CPU
		{43F39F2C-35C1-4040-B258-80017220961C}.Debug|x86.ActiveCfg = Debug|Any CPU
		{43F39F2C-35C1-4040-B258-80017220961C}.Debug|x86.Build.0 = Debug|Any CPU
		{43F39F2C-35C1-4040-B258-80017220961C}.Release|Any CPU.ActiveCfg = Release|Any CPU
		{43F39F2C-35C1-4040-B258-80017220961C}.Release|Any CPU.Build.0 = Release|Any CPU
		{43F39F2C-35C1-4040-B258-80017220961C}.Release|x64.ActiveCfg = Release|Any CPU
		{43F39F2C-35C1-4040-B258-80017220961C}.Release|x64.Build.0 = Release|Any CPU
		{43F39F2C-35C1-4040-B258-80017220961C}.Release|x86.ActiveCfg = Release|Any CPU
		{43F39F2C-35C1-4040-B258-80017220961C}.Release|x86.Build.0 = Release|Any CPU
		{D7D8474B-AE62-486B-B2E9-CA3AD5CEC0E7}.Debug|Any CPU.ActiveCfg = Debug|Any CPU
		{D7D8474B-AE62-486B-B2E9-CA3AD5CEC0E7}.Debug|Any CPU.Build.0 = Debug|Any CPU
		{D7D8474B-AE62-486B-B2E9-CA3AD5CEC0E7}.Debug|x64.ActiveCfg = Debug|Any CPU
		{D7D8474B-AE62-486B-B2E9-CA3AD5CEC0E7}.Debug|x64.Build.0 = Debug|Any CPU
		{D7D8474B-AE62-486B-B2E9-CA3AD5CEC0E7}.Debug|x86.ActiveCfg = Debug|Any CPU
		{D7D8474B-AE62-486B-B2E9-CA3AD5CEC0E7}.Debug|x86.Build.0 = Debug|Any CPU
		{D7D8474B-AE62-486B-B2E9-CA3AD5CEC0E7}.Release|Any CPU.ActiveCfg = Release|Any CPU
		{D7D8474B-AE62-486B-B2E9-CA3AD5CEC0E7}.Release|Any CPU.Build.0 = Release|Any CPU
		{D7D8474B-AE62-486B-B2E9-CA3AD5CEC0E7}.Release|x64.ActiveCfg = Release|Any CPU
		{D7D8474B-AE62-486B-B2E9-CA3AD5CEC0E7}.Release|x64.Build.0 = Release|Any CPU
		{D7D8474B-AE62-486B-B2E9-CA3AD5CEC0E7}.Release|x86.ActiveCfg = Release|Any CPU
		{D7D8474B-AE62-486B-B2E9-CA3AD5CEC0E7}.Release|x86.Build.0 = Release|Any CPU
		{3E1BB7F2-DE10-4B64-BDE4-452404639385}.Debug|Any CPU.ActiveCfg = Debug|Any CPU
		{3E1BB7F2-DE10-4B64-BDE4-452404639385}.Debug|Any CPU.Build.0 = Debug|Any CPU
		{3E1BB7F2-DE10-4B64-BDE4-452404639385}.Debug|x64.ActiveCfg = Debug|Any CPU
		{3E1BB7F2-DE10-4B64-BDE4-452404639385}.Debug|x64.Build.0 = Debug|Any CPU
		{3E1BB7F2-DE10-4B64-BDE4-452404639385}.Debug|x86.ActiveCfg = Debug|Any CPU
		{3E1BB7F2-DE10-4B64-BDE4-452404639385}.Debug|x86.Build.0 = Debug|Any CPU
		{3E1BB7F2-DE10-4B64-BDE4-452404639385}.Release|Any CPU.ActiveCfg = Release|Any CPU
		{3E1BB7F2-DE10-4B64-BDE4-452404639385}.Release|Any CPU.Build.0 = Release|Any CPU
		{3E1BB7F2-DE10-4B64-BDE4-452404639385}.Release|x64.ActiveCfg = Release|Any CPU
		{3E1BB7F2-DE10-4B64-BDE4-452404639385}.Release|x64.Build.0 = Release|Any CPU
		{3E1BB7F2-DE10-4B64-BDE4-452404639385}.Release|x86.ActiveCfg = Release|Any CPU
		{3E1BB7F2-DE10-4B64-BDE4-452404639385}.Release|x86.Build.0 = Release|Any CPU
	EndGlobalSection
	GlobalSection(NestedProjects) = preSolution
		{B0FD243D-C115-4C01-9294-3CE06BD3860F} = {8FBA4580-30BC-4709-B7CB-E879D321B0C5}
		{56D88F61-EF29-4A58-BDF2-7474972F7AC9} = {B0FD243D-C115-4C01-9294-3CE06BD3860F}
		{4B06A96A-9082-4673-86D1-735CAF8F05FD} = {8FBA4580-30BC-4709-B7CB-E879D321B0C5}
		{53436B4E-271E-46A9-BEE5-A5B5DFB102F8} = {4B06A96A-9082-4673-86D1-735CAF8F05FD}
		{167BC0D7-63B8-4489-9A91-3FBD20D48FEB} = {8FBA4580-30BC-4709-B7CB-E879D321B0C5}
		{A0A9505D-AA19-4AC2-8560-F1F7F8E1DC11} = {167BC0D7-63B8-4489-9A91-3FBD20D48FEB}
		{683D13C0-4EEC-4F5C-9728-54AB5D8E80B6} = {167BC0D7-63B8-4489-9A91-3FBD20D48FEB}
		{8AF0D9B9-1E5F-426A-94F2-140EC4CC0A1A} = {8FBA4580-30BC-4709-B7CB-E879D321B0C5}
		{161AFEC4-3FD1-4E3D-BD19-58C6B65CC7A5} = {8AF0D9B9-1E5F-426A-94F2-140EC4CC0A1A}
		{43F39F2C-35C1-4040-B258-80017220961C} = {8AF0D9B9-1E5F-426A-94F2-140EC4CC0A1A}
		{D7D8474B-AE62-486B-B2E9-CA3AD5CEC0E7} = {8AF0D9B9-1E5F-426A-94F2-140EC4CC0A1A}
		{3E1BB7F2-DE10-4B64-BDE4-452404639385} = {8AF0D9B9-1E5F-426A-94F2-140EC4CC0A1A}
	EndGlobalSection
EndGlobal
